
Microsoft Visual Studio Solution File, Format Version 12.00
# Visual Studio Version 16
VisualStudioVersion = 16.0.809.8
MinimumVisualStudioVersion = 10.0.40219.1
Project("{FAE04EC0-301F-11D3-BF4B-00C04F79EFBC}") = "ScrabScore", "ScrabScore\ScrabScore.csproj", "{E7251785-22C9-4967-AB2A-5ABDEC05BBC1}"
EndProject
Project("{2150E333-8FDC-42A3-9474-1A3956D46DE8}") = "Solution Items", "Solution Items", "{2ECCD901-8DD2-4236-BB43-71F1F3DCFBF9}"
	ProjectSection(SolutionItems) = preProject
		Build-Notes.txt = Build-Notes.txt
	EndProjectSection
EndProject
Global
	GlobalSection(SolutionConfigurationPlatforms) = preSolution
		Debug|Any CPU = Debug|Any CPU
		Release|Any CPU = Release|Any CPU
	EndGlobalSection
	GlobalSection(ProjectConfigurationPlatforms) = postSolution
		{E7251785-22C9-4967-AB2A-5ABDEC05BBC1}.Debug|Any CPU.ActiveCfg = Debug|Any CPU
		{E7251785-22C9-4967-AB2A-5ABDEC05BBC1}.Debug|Any CPU.Build.0 = Debug|Any CPU
		{E7251785-22C9-4967-AB2A-5ABDEC05BBC1}.Release|Any CPU.ActiveCfg = Release|Any CPU
		{E7251785-22C9-4967-AB2A-5ABDEC05BBC1}.Release|Any CPU.Build.0 = Release|Any CPU
	EndGlobalSection
	GlobalSection(SolutionProperties) = preSolution
		HideSolutionNode = FALSE
	EndGlobalSection
	GlobalSection(ExtensibilityGlobals) = postSolution
		SolutionGuid = {A1AAD8F2-D29E-49ED-AD8B-880A3FDE8232}
	EndGlobalSection
EndGlobal
